
Microsoft Visual Studio Solution File, Format Version 12.00
# Visual Studio Version 16
VisualStudioVersion = 16.0.29102.190
MinimumVisualStudioVersion = 10.0.40219.1
Project("{FAE04EC0-301F-11D3-BF4B-00C04F79EFBC}") = "ACM.BL", "ACM.BL\ACM.BL.csproj", "{A069D39E-D305-4FAE-82C7-D9213E043187}"
EndProject
Project("{2150E333-8FDC-42A3-9474-1A3956D46DE8}") = "Tests", "Tests", "{A9E3D9F2-8283-4CC5-AADD-EDE46B71001D}"
EndProject
Project("{FAE04EC0-301F-11D3-BF4B-00C04F79EFBC}") = "ACM.BLTest", "Tests\ACM.BLTest\ACM.BLTest.csproj", "{C99D9F55-E81F-4764-A71D-528B65C97BA3}"
EndProject
Global
	GlobalSection(SolutionConfigurationPlatforms) = preSolution
		Debug|Any CPU = Debug|Any CPU
		Release|Any CPU = Release|Any CPU
	EndGlobalSection
	GlobalSection(ProjectConfigurationPlatforms) = postSolution
		{A069D39E-D305-4FAE-82C7-D9213E043187}.Debug|Any CPU.ActiveCfg = Debug|Any CPU
		{A069D39E-D305-4FAE-82C7-D9213E043187}.Debug|Any CPU.Build.0 = Debug|Any CPU
		{A069D39E-D305-4FAE-82C7-D9213E043187}.Release|Any CPU.ActiveCfg = Release|Any CPU
		{A069D39E-D305-4FAE-82C7-D9213E043187}.Release|Any CPU.Build.0 = Release|Any CPU
		{C99D9F55-E81F-4764-A71D-528B65C97BA3}.Debug|Any CPU.ActiveCfg = Debug|Any CPU
		{C99D9F55-E81F-4764-A71D-528B65C97BA3}.Debug|Any CPU.Build.0 = Debug|Any CPU
		{C99D9F55-E81F-4764-A71D-528B65C97BA3}.Release|Any CPU.ActiveCfg = Release|Any CPU
		{C99D9F55-E81F-4764-A71D-528B65C97BA3}.Release|Any CPU.Build.0 = Release|Any CPU
	EndGlobalSection
	GlobalSection(SolutionProperties) = preSolution
		HideSolutionNode = FALSE
	EndGlobalSection
	GlobalSection(NestedProjects) = preSolution
		{C99D9F55-E81F-4764-A71D-528B65C97BA3} = {A9E3D9F2-8283-4CC5-AADD-EDE46B71001D}
	EndGlobalSection
	GlobalSection(ExtensibilityGlobals) = postSolution
		SolutionGuid = {13874ACC-4310-4790-911F-2FADE1C3C416}
	EndGlobalSection
EndGlobal
